
Microsoft Visual Studio Solution File, Format Version 12.00
# Visual Studio Version 16
VisualStudioVersion = 16.0.32413.511
MinimumVisualStudioVersion = 10.0.40219.1
Project("{FAE04EC0-301F-11D3-BF4B-00C04F79EFBC}") = "lab6_game1", "lab6_game1\lab6_game1.csproj", "{FD25EF79-46AA-40DD-BD15-8FA8DDE90FCA}"
EndProject
Global
	GlobalSection(SolutionConfigurationPlatforms) = preSolution
		Debug|Any CPU = Debug|Any CPU
		Release|Any CPU = Release|Any CPU
	EndGlobalSection
	GlobalSection(ProjectConfigurationPlatforms) = postSolution
		{FD25EF79-46AA-40DD-BD15-8FA8DDE90FCA}.Debug|Any CPU.ActiveCfg = Debug|Any CPU
		{FD25EF79-46AA-40DD-BD15-8FA8DDE90FCA}.Debug|Any CPU.Build.0 = Debug|Any CPU
		{FD25EF79-46AA-40DD-BD15-8FA8DDE90FCA}.Release|Any CPU.ActiveCfg = Release|Any CPU
		{FD25EF79-46AA-40DD-BD15-8FA8DDE90FCA}.Release|Any CPU.Build.0 = Release|Any CPU
	EndGlobalSection
	GlobalSection(SolutionProperties) = preSolution
		HideSolutionNode = FALSE
	EndGlobalSection
	GlobalSection(ExtensibilityGlobals) = postSolution
		SolutionGuid = {E4058B73-B335-427D-AE4C-B71B4AD506CB}
	EndGlobalSection
EndGlobal
